
Microsoft Visual Studio Solution File, Format Version 12.00
# Visual Studio Version 17
VisualStudioVersion = 17.0.31903.59
MinimumVisualStudioVersion = 10.0.40219.1
Project("{2150E333-8FDC-42A3-9474-1A3956D46DE8}") = "src", "src", "{827E0CD3-B72D-47B6-A68D-7590B98EB39B}"
EndProject
Project("{FAE04EC0-301F-11D3-BF4B-00C04F79EFBC}") = "PhotoPrivacy.Core", "src\PhotoPrivacy.Core\PhotoPrivacy.Core.csproj", "{3CD5DDF5-2F19-443E-A375-A7AC4D11896D}"
EndProject
Project("{FAE04EC0-301F-11D3-BF4B-00C04F79EFBC}") = "PhotoPrivacy.Ui", "src\PhotoPrivacy.Ui\PhotoPrivacy.Ui.csproj", "{4D13D3AA-16F9-4E85-8A0D-39BFE1D221C3}"
EndProject
Project("{2150E333-8FDC-42A3-9474-1A3956D46DE8}") = "tests", "tests", "{0AB3BF05-4346-4AA6-1389-037BE0695223}"
EndProject
Project("{FAE04EC0-301F-11D3-BF4B-00C04F79EFBC}") = "PhotoPrivacy.Core.Tests", "tests\PhotoPrivacy.Core.Tests\PhotoPrivacy.Core.Tests.csproj", "{6E6D6D4D-59BC-431C-8500-024435ACDC6B}"
EndProject
Project("{FAE04EC0-301F-11D3-BF4B-00C04F79EFBC}") = "PhotoPrivacy.IntegrationTests", "tests\PhotoPrivacy.IntegrationTests\PhotoPrivacy.IntegrationTests.csproj", "{F26C40E4-89E3-401C-B9A9-6062BF161801}"
EndProject
Project("{FAE04EC0-301F-11D3-BF4B-00C04F79EFBC}") = "PhotoPrivacy.Worker", "src\PhotoPrivacy.Worker\PhotoPrivacy.Worker.csproj", "{35627F0C-BAAE-4E07-9A3E-1495265055DD}"
EndProject
Project("{FAE04EC0-301F-11D3-BF4B-00C04F79EFBC}") = "PhotoPrivacy.Ipc", "src\PhotoPrivacy.Ipc\PhotoPrivacy.Ipc.csproj", "{3468F6BA-9DAC-4615-8CAF-0D6156F8EB18}"
EndProject
Global
	GlobalSection(SolutionConfigurationPlatforms) = preSolution
		Debug|Any CPU = Debug|Any CPU
		Debug|x64 = Debug|x64
		Debug|x86 = Debug|x86
		Release|Any CPU = Release|Any CPU
		Release|x64 = Release|x64
		Release|x86 = Release|x86
	EndGlobalSection
	GlobalSection(ProjectConfigurationPlatforms) = postSolution
		{3CD5DDF5-2F19-443E-A375-A7AC4D11896D}.Debug|Any CPU.ActiveCfg = Debug|Any CPU
		{3CD5DDF5-2F19-443E-A375-A7AC4D11896D}.Debug|Any CPU.Build.0 = Debug|Any CPU
		{3CD5DDF5-2F19-443E-A375-A7AC4D11896D}.Debug|x64.ActiveCfg = Debug|Any CPU
		{3CD5DDF5-2F19-443E-A375-A7AC4D11896D}.Debug|x64.Build.0 = Debug|Any CPU
		{3CD5DDF5-2F19-443E-A375-A7AC4D11896D}.Debug|x86.ActiveCfg = Debug|Any CPU
		{3CD5DDF5-2F19-443E-A375-A7AC4D11896D}.Debug|x86.Build.0 = Debug|Any CPU
		{3CD5DDF5-2F19-443E-A375-A7AC4D11896D}.Release|Any CPU.ActiveCfg = Release|Any CPU
		{3CD5DDF5-2F19-443E-A375-A7AC4D11896D}.Release|Any CPU.Build.0 = Release|Any CPU
		{3CD5DDF5-2F19-443E-A375-A7AC4D11896D}.Release|x64.ActiveCfg = Release|Any CPU
		{3CD5DDF5-2F19-443E-A375-A7AC4D11896D}.Release|x64.Build.0 = Release|Any CPU
		{3CD5DDF5-2F19-443E-A375-A7AC4D11896D}.Release|x86.ActiveCfg = Release|Any CPU
		{3CD5DDF5-2F19-443E-A375-A7AC4D11896D}.Release|x86.Build.0 = Release|Any CPU
		{4D13D3AA-16F9-4E85-8A0D-39BFE1D221C3}.Debug|Any CPU.ActiveCfg = Debug|Any CPU
		{4D13D3AA-16F9-4E85-8A0D-39BFE1D221C3}.Debug|Any CPU.Build.0 = Debug|Any CPU
		{4D13D3AA-16F9-4E85-8A0D-39BFE1D221C3}.Debug|x64.ActiveCfg = Debug|Any CPU
		{4D13D3AA-16F9-4E85-8A0D-39BFE1D221C3}.Debug|x64.Build.0 = Debug|Any CPU
		{4D13D3AA-16F9-4E85-8A0D-39BFE1D221C3}.Debug|x86.ActiveCfg = Debug|Any CPU
		{4D13D3AA-16F9-4E85-8A0D-39BFE1D221C3}.Debug|x86.Build.0 = Debug|Any CPU
		{4D13D3AA-16F9-4E85-8A0D-39BFE1D221C3}.Release|Any CPU.ActiveCfg = Release|Any CPU
		{4D13D3AA-16F9-4E85-8A0D-39BFE1D221C3}.Release|Any CPU.Build.0 = Release|Any CPU
		{4D13D3AA-16F9-4E85-8A0D-39BFE1D221C3}.Release|x64.ActiveCfg = Release|Any CPU
		{4D13D3AA-16F9-4E85-8A0D-39BFE1D221C3}.Release|x64.Build.0 = Release|Any CPU
		{4D13D3AA-16F9-4E85-8A0D-39BFE1D221C3}.Release|x86.ActiveCfg = Release|Any CPU
		{4D13D3AA-16F9-4E85-8A0D-39BFE1D221C3}.Release|x86.Build.0 = Release|Any CPU
		{6E6D6D4D-59BC-431C-8500-024435ACDC6B}.Debug|Any CPU.ActiveCfg = Debug|Any CPU
		{6E6D6D4D-59BC-431C-8500-024435ACDC6B}.Debug|Any CPU.Build.0 = Debug|Any CPU
		{6E6D6D4D-59BC-431C-8500-024435ACDC6B}.Debug|x64.ActiveCfg = Debug|Any CPU
		{6E6D6D4D-59BC-431C-8500-024435ACDC6B}.Debug|x64.Build.0 = Debug|Any CPU
		{6E6D6D4D-59BC-431C-8500-024435ACDC6B}.Debug|x86.ActiveCfg = Debug|Any CPU
		{6E6D6D4D-59BC-431C-8500-024435ACDC6B}.Debug|x86.Build.0 = Debug|Any CPU
		{6E6D6D4D-59BC-431C-8500-024435ACDC6B}.Release|Any CPU.ActiveCfg = Release|Any CPU
		{6E6D6D4D-59BC-431C-8500-024435ACDC6B}.Release|Any CPU.Build.0 = Release|Any CPU
		{6E6D6D4D-59BC-431C-8500-024435ACDC6B}.Release|x64.ActiveCfg = Release|Any CPU
		{6E6D6D4D-59BC-431C-8500-024435ACDC6B}.Release|x64.Build.0 = Release|Any CPU
		{6E6D6D4D-59BC-431C-8500-024435ACDC6B}.Release|x86.ActiveCfg = Release|Any CPU
		{6E6D6D4D-59BC-431C-8500-024435ACDC6B}.Release|x86.Build.0 = Release|Any CPU
		{F26C40E4-89E3-401C-B9A9-6062BF161801}.Debug|Any CPU.ActiveCfg = Debug|Any CPU
		{F26C40E4-89E3-401C-B9A9-6062BF161801}.Debug|Any CPU.Build.0 = Debug|Any CPU
		{F26C40E4-89E3-401C-B9A9-6062BF161801}.Debug|x64.ActiveCfg = Debug|Any CPU
		{F26C40E4-89E3-401C-B9A9-6062BF161801}.Debug|x64.Build.0 = Debug|Any CPU
		{F26C40E4-89E3-401C-B9A9-6062BF161801}.Debug|x86.ActiveCfg = Debug|Any CPU
		{F26C40E4-89E3-401C-B9A9-6062BF161801}.Debug|x86.Build.0 = Debug|Any CPU
		{F26C40E4-89E3-401C-B9A9-6062BF161801}.Release|Any CPU.ActiveCfg = Release|Any CPU
		{F26C40E4-89E3-401C-B9A9-6062BF161801}.Release|Any CPU.Build.0 = Release|Any CPU
		{F26C40E4-89E3-401C-B9A9-6062BF161801}.Release|x64.ActiveCfg = Release|Any CPU
		{F26C40E4-89E3-401C-B9A9-6062BF161801}.Release|x64.Build.0 = Release|Any CPU
		{F26C40E4-89E3-401C-B9A9-6062BF161801}.Release|x86.ActiveCfg = Release|Any CPU
		{F26C40E4-89E3-401C-B9A9-6062BF161801}.Release|x86.Build.0 = Release|Any CPU
		{35627F0C-BAAE-4E07-9A3E-1495265055DD}.Debug|Any CPU.ActiveCfg = Debug|Any CPU
		{35627F0C-BAAE-4E07-9A3E-1495265055DD}.Debug|Any CPU.Build.0 = Debug|Any CPU
		{35627F0C-BAAE-4E07-9A3E-1495265055DD}.Debug|x64.ActiveCfg = Debug|Any CPU
		{35627F0C-BAAE-4E07-9A3E-1495265055DD}.Debug|x64.Build.0 = Debug|Any CPU
		{35627F0C-BAAE-4E07-9A3E-1495265055DD}.Debug|x86.ActiveCfg = Debug|Any CPU
		{35627F0C-BAAE-4E07-9A3E-1495265055DD}.Debug|x86.Build.0 = Debug|Any CPU
		{35627F0C-BAAE-4E07-9A3E-1495265055DD}.Release|Any CPU.ActiveCfg = Release|Any CPU
		{35627F0C-BAAE-4E07-9A3E-1495265055DD}.Release|Any CPU.Build.0 = Release|Any CPU
		{35627F0C-BAAE-4E07-9A3E-1495265055DD}.Release|x64.ActiveCfg = Release|Any CPU
		{35627F0C-BAAE-4E07-9A3E-1495265055DD}.Release|x64.Build.0 = Release|Any CPU
		{35627F0C-BAAE-4E07-9A3E-1495265055DD}.Release|x86.ActiveCfg = Release|Any CPU
		{35627F0C-BAAE-4E07-9A3E-1495265055DD}.Release|x86.Build.0 = Release|Any CPU
		{3468F6BA-9DAC-4615-8CAF-0D6156F8EB18}.Debug|Any CPU.ActiveCfg = Debug|Any CPU
		{3468F6BA-9DAC-4615-8CAF-0D6156F8EB18}.Debug|Any CPU.Build.0 = Debug|Any CPU
		{3468F6BA-9DAC-4615-8CAF-0D6156F8EB18}.Debug|x64.ActiveCfg = Debug|Any CPU
		{3468F6BA-9DAC-4615-8CAF-0D6156F8EB18}.Debug|x64.Build.0 = Debug|Any CPU
		{3468F6BA-9DAC-4615-8CAF-0D6156F8EB18}.Debug|x86.ActiveCfg = Debug|Any CPU
		{3468F6BA-9DAC-4615-8CAF-0D6156F8EB18}.Debug|x86.Build.0 = Debug|Any CPU
		{3468F6BA-9DAC-4615-8CAF-0D6156F8EB18}.Release|Any CPU.ActiveCfg = Release|Any CPU
		{3468F6BA-9DAC-4615-8CAF-0D6156F8EB18}.Release|Any CPU.Build.0 = Release|Any CPU
		{3468F6BA-9DAC-4615-8CAF-0D6156F8EB18}.Release|x64.ActiveCfg = Release|Any CPU
		{3468F6BA-9DAC-4615-8CAF-0D6156F8EB18}.Release|x64.Build.0 = Release|Any CPU
		{3468F6BA-9DAC-4615-8CAF-0D6156F8EB18}.Release|x86.ActiveCfg = Release|Any CPU
		{3468F6BA-9DAC-4615-8CAF-0D6156F8EB18}.Release|x86.Build.0 = Release|Any CPU
	EndGlobalSection
	GlobalSection(SolutionProperties) = preSolution
		HideSolutionNode = FALSE
	EndGlobalSection
	GlobalSection(NestedProjects) = preSolution
		{3CD5DDF5-2F19-443E-A375-A7AC4D11896D} = {827E0CD3-B72D-47B6-A68D-7590B98EB39B}
		{4D13D3AA-16F9-4E85-8A0D-39BFE1D221C3} = {827E0CD3-B72D-47B6-A68D-7590B98EB39B}
		{6E6D6D4D-59BC-431C-8500-024435ACDC6B} = {0AB3BF05-4346-4AA6-1389-037BE0695223}
		{F26C40E4-89E3-401C-B9A9-6062BF161801} = {0AB3BF05-4346-4AA6-1389-037BE0695223}
		{35627F0C-BAAE-4E07-9A3E-1495265055DD} = {827E0CD3-B72D-47B6-A68D-7590B98EB39B}
		{3468F6BA-9DAC-4615-8CAF-0D6156F8EB18} = {827E0CD3-B72D-47B6-A68D-7590B98EB39B}
	EndGlobalSection
EndGlobal
